// !$*UTF8*$!
{
	archiveVersion = 1;
	classes = {
	};
	objectVersion = 51;
	objects = {

/* Begin PBXBuildFile section */
		3B0100D75E3E2734BFEE131B /* Pods_Pocket_Kitchen_Pocket_KitchenUITests.framework in Frameworks */ = {isa = PBXBuildFile; fileRef = DB685433F30457D42181F3CC /* Pods_Pocket_Kitchen_Pocket_KitchenUITests.framework */; };
		E5B409BC2D72DD85F1022DD0 /* Pods_Pocket_Kitchen.framework in Frameworks */ = {isa = PBXBuildFile; fileRef = B8EAD7DDFD6CACF22079F592 /* Pods_Pocket_Kitchen.framework */; };
		ED81F802269E3BDA00F9E2CF /* NutrientApiManager.m in Sources */ = {isa = PBXBuildFile; fileRef = ED81F801269E3BDA00F9E2CF /* NutrientApiManager.m */; };
		ED81F805269F87F700F9E2CF /* DetailsViewController.m in Sources */ = {isa = PBXBuildFile; fileRef = ED81F804269F87F700F9E2CF /* DetailsViewController.m */; };
		ED81F81726A109E100F9E2CF /* Category.xib in Resources */ = {isa = PBXBuildFile; fileRef = ED81F81626A109E100F9E2CF /* Category.xib */; };
		ED81F81A26A109F200F9E2CF /* CategoryView.m in Sources */ = {isa = PBXBuildFile; fileRef = ED81F81926A109F200F9E2CF /* CategoryView.m */; };
		ED81F81D26A221CE00F9E2CF /* ShoppingViewController.m in Sources */ = {isa = PBXBuildFile; fileRef = ED81F81C26A221CE00F9E2CF /* ShoppingViewController.m */; };
		ED81F82026A2225A00F9E2CF /* ShoppingItemCell.m in Sources */ = {isa = PBXBuildFile; fileRef = ED81F81F26A2225A00F9E2CF /* ShoppingItemCell.m */; };
		ED81F82426A2248200F9E2CF /* ShoppingItem.m in Sources */ = {isa = PBXBuildFile; fileRef = ED81F82326A2248200F9E2CF /* ShoppingItem.m */; };
		EDFF224C269CD86800862BD5 /* AppDelegate.m in Sources */ = {isa = PBXBuildFile; fileRef = EDFF224B269CD86800862BD5 /* AppDelegate.m */; };
		EDFF224F269CD86800862BD5 /* SceneDelegate.m in Sources */ = {isa = PBXBuildFile; fileRef = EDFF224E269CD86800862BD5 /* SceneDelegate.m */; };
		EDFF2255269CD86800862BD5 /* Main.storyboard in Resources */ = {isa = PBXBuildFile; fileRef = EDFF2253269CD86800862BD5 /* Main.storyboard */; };
		EDFF2257269CD86900862BD5 /* Assets.xcassets in Resources */ = {isa = PBXBuildFile; fileRef = EDFF2256269CD86900862BD5 /* Assets.xcassets */; };
		EDFF225A269CD86900862BD5 /* LaunchScreen.storyboard in Resources */ = {isa = PBXBuildFile; fileRef = EDFF2258269CD86900862BD5 /* LaunchScreen.storyboard */; };
		EDFF225D269CD86900862BD5 /* main.m in Sources */ = {isa = PBXBuildFile; fileRef = EDFF225C269CD86900862BD5 /* main.m */; };
		EDFF2267269CD86900862BD5 /* Pocket_KitchenTests.m in Sources */ = {isa = PBXBuildFile; fileRef = EDFF2266269CD86900862BD5 /* Pocket_KitchenTests.m */; };
		EDFF2272269CD86900862BD5 /* Pocket_KitchenUITests.m in Sources */ = {isa = PBXBuildFile; fileRef = EDFF2271269CD86900862BD5 /* Pocket_KitchenUITests.m */; };
		EDFF2281269CDA2E00862BD5 /* LogInViewController.m in Sources */ = {isa = PBXBuildFile; fileRef = EDFF2280269CDA2E00862BD5 /* LogInViewController.m */; };
		EDFF2285269CDD2200862BD5 /* ProfileViewController.m in Sources */ = {isa = PBXBuildFile; fileRef = EDFF2284269CDD2200862BD5 /* ProfileViewController.m */; };
		EDFF2288269CE3AB00862BD5 /* InventoryViewController.m in Sources */ = {isa = PBXBuildFile; fileRef = EDFF2287269CE3AB00862BD5 /* InventoryViewController.m */; };
		EDFF228B269CE54E00862BD5 /* FoodItemCell.m in Sources */ = {isa = PBXBuildFile; fileRef = EDFF228A269CE54E00862BD5 /* FoodItemCell.m */; };
		EDFF228E269CF88100862BD5 /* AddItemViewController.m in Sources */ = {isa = PBXBuildFile; fileRef = EDFF228D269CF88100862BD5 /* AddItemViewController.m */; };
		EDFF2291269DF77500862BD5 /* FoodItem.m in Sources */ = {isa = PBXBuildFile; fileRef = EDFF2290269DF77500862BD5 /* FoodItem.m */; };
		FF14010838EA6409E975A803 /* Pods_Pocket_KitchenTests.framework in Frameworks */ = {isa = PBXBuildFile; fileRef = 819CE84D30E911F7802F40DF /* Pods_Pocket_KitchenTests.framework */; };
/* End PBXBuildFile section */

/* Begin PBXContainerItemProxy section */
		EDFF2263269CD86900862BD5 /* PBXContainerItemProxy */ = {
			isa = PBXContainerItemProxy;
			containerPortal = EDFF223F269CD86800862BD5 /* Project object */;
			proxyType = 1;
			remoteGlobalIDString = EDFF2246269CD86800862BD5;
			remoteInfo = "pocket kitchen";
		};
		EDFF226E269CD86900862BD5 /* PBXContainerItemProxy */ = {
			isa = PBXContainerItemProxy;
			containerPortal = EDFF223F269CD86800862BD5 /* Project object */;
			proxyType = 1;
			remoteGlobalIDString = EDFF2246269CD86800862BD5;
			remoteInfo = "pocket kitchen";
		};
/* End PBXContainerItemProxy section */

/* Begin PBXFileReference section */
		48936EE100BF10EABBB476EE /* Pods-Pocket KitchenTests.release.xcconfig */ = {isa = PBXFileReference; includeInIndex = 1; lastKnownFileType = text.xcconfig; name = "Pods-Pocket KitchenTests.release.xcconfig"; path = "Target Support Files/Pods-Pocket KitchenTests/Pods-Pocket KitchenTests.release.xcconfig"; sourceTree = "<group>"; };
		758B1DD9CC52C3EBF552E7C9 /* Pods-Pocket Kitchen.release.xcconfig */ = {isa = PBXFileReference; includeInIndex = 1; lastKnownFileType = text.xcconfig; name = "Pods-Pocket Kitchen.release.xcconfig"; path = "Target Support Files/Pods-Pocket Kitchen/Pods-Pocket Kitchen.release.xcconfig"; sourceTree = "<group>"; };
		7BDF5A2E8BC38806DC30FB96 /* Pods-Pocket KitchenTests.debug.xcconfig */ = {isa = PBXFileReference; includeInIndex = 1; lastKnownFileType = text.xcconfig; name = "Pods-Pocket KitchenTests.debug.xcconfig"; path = "Target Support Files/Pods-Pocket KitchenTests/Pods-Pocket KitchenTests.debug.xcconfig"; sourceTree = "<group>"; };
		819CE84D30E911F7802F40DF /* Pods_Pocket_KitchenTests.framework */ = {isa = PBXFileReference; explicitFileType = wrapper.framework; includeInIndex = 0; path = Pods_Pocket_KitchenTests.framework; sourceTree = BUILT_PRODUCTS_DIR; };
		A0D28353843A5C98482CA001 /* Pods-Pocket Kitchen-Pocket KitchenUITests.debug.xcconfig */ = {isa = PBXFileReference; includeInIndex = 1; lastKnownFileType = text.xcconfig; name = "Pods-Pocket Kitchen-Pocket KitchenUITests.debug.xcconfig"; path = "Target Support Files/Pods-Pocket Kitchen-Pocket KitchenUITests/Pods-Pocket Kitchen-Pocket KitchenUITests.debug.xcconfig"; sourceTree = "<group>"; };
		B61D42C159A5C99EA9AE363A /* Pods-Pocket Kitchen-Pocket KitchenUITests.release.xcconfig */ = {isa = PBXFileReference; includeInIndex = 1; lastKnownFileType = text.xcconfig; name = "Pods-Pocket Kitchen-Pocket KitchenUITests.release.xcconfig"; path = "Target Support Files/Pods-Pocket Kitchen-Pocket KitchenUITests/Pods-Pocket Kitchen-Pocket KitchenUITests.release.xcconfig"; sourceTree = "<group>"; };
		B8EAD7DDFD6CACF22079F592 /* Pods_Pocket_Kitchen.framework */ = {isa = PBXFileReference; explicitFileType = wrapper.framework; includeInIndex = 0; path = Pods_Pocket_Kitchen.framework; sourceTree = BUILT_PRODUCTS_DIR; };
		DB685433F30457D42181F3CC /* Pods_Pocket_Kitchen_Pocket_KitchenUITests.framework */ = {isa = PBXFileReference; explicitFileType = wrapper.framework; includeInIndex = 0; path = Pods_Pocket_Kitchen_Pocket_KitchenUITests.framework; sourceTree = BUILT_PRODUCTS_DIR; };
		E0183D6556C75F6E2ED958FB /* Pods-Pocket Kitchen.debug.xcconfig */ = {isa = PBXFileReference; includeInIndex = 1; lastKnownFileType = text.xcconfig; name = "Pods-Pocket Kitchen.debug.xcconfig"; path = "Target Support Files/Pods-Pocket Kitchen/Pods-Pocket Kitchen.debug.xcconfig"; sourceTree = "<group>"; };
		ED81F800269E3BDA00F9E2CF /* NutrientApiManager.h */ = {isa = PBXFileReference; lastKnownFileType = sourcecode.c.h; path = NutrientApiManager.h; sourceTree = "<group>"; };
		ED81F801269E3BDA00F9E2CF /* NutrientApiManager.m */ = {isa = PBXFileReference; lastKnownFileType = sourcecode.c.objc; path = NutrientApiManager.m; sourceTree = "<group>"; };
		ED81F803269F87F700F9E2CF /* DetailsViewController.h */ = {isa = PBXFileReference; lastKnownFileType = sourcecode.c.h; path = DetailsViewController.h; sourceTree = "<group>"; };
		ED81F804269F87F700F9E2CF /* DetailsViewController.m */ = {isa = PBXFileReference; lastKnownFileType = sourcecode.c.objc; path = DetailsViewController.m; sourceTree = "<group>"; };
		ED81F81626A109E100F9E2CF /* Category.xib */ = {isa = PBXFileReference; lastKnownFileType = file.xib; path = Category.xib; sourceTree = "<group>"; };
		ED81F81826A109F200F9E2CF /* CategoryView.h */ = {isa = PBXFileReference; lastKnownFileType = sourcecode.c.h; path = CategoryView.h; sourceTree = "<group>"; };
		ED81F81926A109F200F9E2CF /* CategoryView.m */ = {isa = PBXFileReference; lastKnownFileType = sourcecode.c.objc; path = CategoryView.m; sourceTree = "<group>"; };
		ED81F81B26A221CE00F9E2CF /* ShoppingViewController.h */ = {isa = PBXFileReference; lastKnownFileType = sourcecode.c.h; path = ShoppingViewController.h; sourceTree = SOURCE_ROOT; };
		ED81F81C26A221CE00F9E2CF /* ShoppingViewController.m */ = {isa = PBXFileReference; lastKnownFileType = sourcecode.c.objc; path = ShoppingViewController.m; sourceTree = SOURCE_ROOT; };
		ED81F81E26A2225A00F9E2CF /* ShoppingItemCell.h */ = {isa = PBXFileReference; lastKnownFileType = sourcecode.c.h; name = ShoppingItemCell.h; path = "View Controllers/ShoppingItemCell.h"; sourceTree = "<group>"; };
		ED81F81F26A2225A00F9E2CF /* ShoppingItemCell.m */ = {isa = PBXFileReference; lastKnownFileType = sourcecode.c.objc; name = ShoppingItemCell.m; path = "View Controllers/ShoppingItemCell.m"; sourceTree = "<group>"; };
		ED81F82226A2248200F9E2CF /* ShoppingItem.h */ = {isa = PBXFileReference; lastKnownFileType = sourcecode.c.h; path = ShoppingItem.h; sourceTree = "<group>"; };
		ED81F82326A2248200F9E2CF /* ShoppingItem.m */ = {isa = PBXFileReference; lastKnownFileType = sourcecode.c.objc; path = ShoppingItem.m; sourceTree = "<group>"; };
		EDFF2247269CD86800862BD5 /* Pocket Kitchen.app */ = {isa = PBXFileReference; explicitFileType = wrapper.application; includeInIndex = 0; path = "Pocket Kitchen.app"; sourceTree = BUILT_PRODUCTS_DIR; };
		EDFF224A269CD86800862BD5 /* AppDelegate.h */ = {isa = PBXFileReference; lastKnownFileType = sourcecode.c.h; path = AppDelegate.h; sourceTree = "<group>"; };
		EDFF224B269CD86800862BD5 /* AppDelegate.m */ = {isa = PBXFileReference; lastKnownFileType = sourcecode.c.objc; path = AppDelegate.m; sourceTree = "<group>"; };
		EDFF224D269CD86800862BD5 /* SceneDelegate.h */ = {isa = PBXFileReference; lastKnownFileType = sourcecode.c.h; path = SceneDelegate.h; sourceTree = "<group>"; };
		EDFF224E269CD86800862BD5 /* SceneDelegate.m */ = {isa = PBXFileReference; lastKnownFileType = sourcecode.c.objc; path = SceneDelegate.m; sourceTree = "<group>"; };
		EDFF2254269CD86800862BD5 /* Base */ = {isa = PBXFileReference; lastKnownFileType = file.storyboard; name = Base; path = Base.lproj/Main.storyboard; sourceTree = "<group>"; };
		EDFF2256269CD86900862BD5 /* Assets.xcassets */ = {isa = PBXFileReference; lastKnownFileType = folder.assetcatalog; path = Assets.xcassets; sourceTree = "<group>"; };
		EDFF2259269CD86900862BD5 /* Base */ = {isa = PBXFileReference; lastKnownFileType = file.storyboard; name = Base; path = Base.lproj/LaunchScreen.storyboard; sourceTree = "<group>"; };
		EDFF225B269CD86900862BD5 /* Info.plist */ = {isa = PBXFileReference; lastKnownFileType = text.plist.xml; path = Info.plist; sourceTree = "<group>"; };
		EDFF225C269CD86900862BD5 /* main.m */ = {isa = PBXFileReference; lastKnownFileType = sourcecode.c.objc; path = main.m; sourceTree = "<group>"; };
		EDFF2262269CD86900862BD5 /* Pocket KitchenTests.xctest */ = {isa = PBXFileReference; explicitFileType = wrapper.cfbundle; includeInIndex = 0; path = "Pocket KitchenTests.xctest"; sourceTree = BUILT_PRODUCTS_DIR; };
		EDFF2266269CD86900862BD5 /* Pocket_KitchenTests.m */ = {isa = PBXFileReference; lastKnownFileType = sourcecode.c.objc; path = Pocket_KitchenTests.m; sourceTree = "<group>"; };
		EDFF2268269CD86900862BD5 /* Info.plist */ = {isa = PBXFileReference; lastKnownFileType = text.plist.xml; path = Info.plist; sourceTree = "<group>"; };
		EDFF226D269CD86900862BD5 /* Pocket KitchenUITests.xctest */ = {isa = PBXFileReference; explicitFileType = wrapper.cfbundle; includeInIndex = 0; path = "Pocket KitchenUITests.xctest"; sourceTree = BUILT_PRODUCTS_DIR; };
		EDFF2271269CD86900862BD5 /* Pocket_KitchenUITests.m */ = {isa = PBXFileReference; lastKnownFileType = sourcecode.c.objc; path = Pocket_KitchenUITests.m; sourceTree = "<group>"; };
		EDFF2273269CD86900862BD5 /* Info.plist */ = {isa = PBXFileReference; lastKnownFileType = text.plist.xml; path = Info.plist; sourceTree = "<group>"; };
		EDFF227F269CDA2E00862BD5 /* LogInViewController.h */ = {isa = PBXFileReference; lastKnownFileType = sourcecode.c.h; path = LogInViewController.h; sourceTree = "<group>"; };
		EDFF2280269CDA2E00862BD5 /* LogInViewController.m */ = {isa = PBXFileReference; lastKnownFileType = sourcecode.c.objc; path = LogInViewController.m; sourceTree = "<group>"; };
		EDFF2283269CDD2200862BD5 /* ProfileViewController.h */ = {isa = PBXFileReference; lastKnownFileType = sourcecode.c.h; path = ProfileViewController.h; sourceTree = "<group>"; };
		EDFF2284269CDD2200862BD5 /* ProfileViewController.m */ = {isa = PBXFileReference; lastKnownFileType = sourcecode.c.objc; path = ProfileViewController.m; sourceTree = "<group>"; };
		EDFF2286269CE3AB00862BD5 /* InventoryViewController.h */ = {isa = PBXFileReference; lastKnownFileType = sourcecode.c.h; path = InventoryViewController.h; sourceTree = "<group>"; };
		EDFF2287269CE3AB00862BD5 /* InventoryViewController.m */ = {isa = PBXFileReference; lastKnownFileType = sourcecode.c.objc; path = InventoryViewController.m; sourceTree = "<group>"; };
		EDFF2289269CE54E00862BD5 /* FoodItemCell.h */ = {isa = PBXFileReference; lastKnownFileType = sourcecode.c.h; path = FoodItemCell.h; sourceTree = "<group>"; };
		EDFF228A269CE54E00862BD5 /* FoodItemCell.m */ = {isa = PBXFileReference; lastKnownFileType = sourcecode.c.objc; path = FoodItemCell.m; sourceTree = "<group>"; };
		EDFF228C269CF88100862BD5 /* AddItemViewController.h */ = {isa = PBXFileReference; lastKnownFileType = sourcecode.c.h; path = AddItemViewController.h; sourceTree = "<group>"; };
		EDFF228D269CF88100862BD5 /* AddItemViewController.m */ = {isa = PBXFileReference; lastKnownFileType = sourcecode.c.objc; path = AddItemViewController.m; sourceTree = "<group>"; };
		EDFF228F269DF77500862BD5 /* FoodItem.h */ = {isa = PBXFileReference; lastKnownFileType = sourcecode.c.h; path = FoodItem.h; sourceTree = "<group>"; };
		EDFF2290269DF77500862BD5 /* FoodItem.m */ = {isa = PBXFileReference; lastKnownFileType = sourcecode.c.objc; path = FoodItem.m; sourceTree = "<group>"; };
/* End PBXFileReference section */

/* Begin PBXFrameworksBuildPhase section */
		EDFF2244269CD86800862BD5 /* Frameworks */ = {
			isa = PBXFrameworksBuildPhase;
			buildActionMask = 2147483647;
			files = (
				E5B409BC2D72DD85F1022DD0 /* Pods_Pocket_Kitchen.framework in Frameworks */,
			);
			runOnlyForDeploymentPostprocessing = 0;
		};
		EDFF225F269CD86900862BD5 /* Frameworks */ = {
			isa = PBXFrameworksBuildPhase;
			buildActionMask = 2147483647;
			files = (
				FF14010838EA6409E975A803 /* Pods_Pocket_KitchenTests.framework in Frameworks */,
			);
			runOnlyForDeploymentPostprocessing = 0;
		};
		EDFF226A269CD86900862BD5 /* Frameworks */ = {
			isa = PBXFrameworksBuildPhase;
			buildActionMask = 2147483647;
			files = (
				3B0100D75E3E2734BFEE131B /* Pods_Pocket_Kitchen_Pocket_KitchenUITests.framework in Frameworks */,
			);
			runOnlyForDeploymentPostprocessing = 0;
		};
/* End PBXFrameworksBuildPhase section */

/* Begin PBXGroup section */
		0E38035E2361718877D30760 /* Frameworks */ = {
			isa = PBXGroup;
			children = (
				B8EAD7DDFD6CACF22079F592 /* Pods_Pocket_Kitchen.framework */,
				DB685433F30457D42181F3CC /* Pods_Pocket_Kitchen_Pocket_KitchenUITests.framework */,
				819CE84D30E911F7802F40DF /* Pods_Pocket_KitchenTests.framework */,
			);
			name = Frameworks;
			sourceTree = "<group>";
		};
		43F31D62756AC16FE17FD1F9 /* Pods */ = {
			isa = PBXGroup;
			children = (
				E0183D6556C75F6E2ED958FB /* Pods-Pocket Kitchen.debug.xcconfig */,
				758B1DD9CC52C3EBF552E7C9 /* Pods-Pocket Kitchen.release.xcconfig */,
				A0D28353843A5C98482CA001 /* Pods-Pocket Kitchen-Pocket KitchenUITests.debug.xcconfig */,
				B61D42C159A5C99EA9AE363A /* Pods-Pocket Kitchen-Pocket KitchenUITests.release.xcconfig */,
				7BDF5A2E8BC38806DC30FB96 /* Pods-Pocket KitchenTests.debug.xcconfig */,
				48936EE100BF10EABBB476EE /* Pods-Pocket KitchenTests.release.xcconfig */,
			);
			path = Pods;
			sourceTree = "<group>";
		};
		ED81F82126A222CA00F9E2CF /* XIB */ = {
			isa = PBXGroup;
			children = (
				ED81F81926A109F200F9E2CF /* CategoryView.m */,
				ED81F81826A109F200F9E2CF /* CategoryView.h */,
				ED81F81626A109E100F9E2CF /* Category.xib */,
			);
			path = XIB;
			sourceTree = "<group>";
		};
		EDFF223E269CD86800862BD5 = {
			isa = PBXGroup;
			children = (
				EDFF2249269CD86800862BD5 /* Pocket Kitchen */,
				EDFF2265269CD86900862BD5 /* Pocket KitchenTests */,
				EDFF2270269CD86900862BD5 /* Pocket KitchenUITests */,
				EDFF2248269CD86800862BD5 /* Products */,
				43F31D62756AC16FE17FD1F9 /* Pods */,
				0E38035E2361718877D30760 /* Frameworks */,
			);
			sourceTree = "<group>";
		};
		EDFF2248269CD86800862BD5 /* Products */ = {
			isa = PBXGroup;
			children = (
				EDFF2247269CD86800862BD5 /* Pocket Kitchen.app */,
				EDFF2262269CD86900862BD5 /* Pocket KitchenTests.xctest */,
				EDFF226D269CD86900862BD5 /* Pocket KitchenUITests.xctest */,
			);
			name = Products;
			sourceTree = "<group>";
		};
		EDFF2249269CD86800862BD5 /* Pocket Kitchen */ = {
			isa = PBXGroup;
			children = (
				ED81F81E26A2225A00F9E2CF /* ShoppingItemCell.h */,
				ED81F81F26A2225A00F9E2CF /* ShoppingItemCell.m */,
				ED81F800269E3BDA00F9E2CF /* NutrientApiManager.h */,
				ED81F801269E3BDA00F9E2CF /* NutrientApiManager.m */,
				EDFF228F269DF77500862BD5 /* FoodItem.h */,
				EDFF2290269DF77500862BD5 /* FoodItem.m */,
				ED81F82226A2248200F9E2CF /* ShoppingItem.h */,
				ED81F82326A2248200F9E2CF /* ShoppingItem.m */,
				ED81F82126A222CA00F9E2CF /* XIB */,
				EDFF2289269CE54E00862BD5 /* FoodItemCell.h */,
				EDFF228A269CE54E00862BD5 /* FoodItemCell.m */,
				EDFF224A269CD86800862BD5 /* AppDelegate.h */,
				EDFF224B269CD86800862BD5 /* AppDelegate.m */,
				EDFF224D269CD86800862BD5 /* SceneDelegate.h */,
				EDFF224E269CD86800862BD5 /* SceneDelegate.m */,
				EDFF2253269CD86800862BD5 /* Main.storyboard */,
				EDFF2282269CDA3300862BD5 /* View Controllers */,
				EDFF2256269CD86900862BD5 /* Assets.xcassets */,
				EDFF2258269CD86900862BD5 /* LaunchScreen.storyboard */,
				EDFF225B269CD86900862BD5 /* Info.plist */,
				EDFF225C269CD86900862BD5 /* main.m */,
			);
			path = "Pocket Kitchen";
			sourceTree = "<group>";
		};
		EDFF2265269CD86900862BD5 /* Pocket KitchenTests */ = {
			isa = PBXGroup;
			children = (
				EDFF2266269CD86900862BD5 /* Pocket_KitchenTests.m */,
				EDFF2268269CD86900862BD5 /* Info.plist */,
			);
			path = "Pocket KitchenTests";
			sourceTree = "<group>";
		};
		EDFF2270269CD86900862BD5 /* Pocket KitchenUITests */ = {
			isa = PBXGroup;
			children = (
				EDFF2271269CD86900862BD5 /* Pocket_KitchenUITests.m */,
				EDFF2273269CD86900862BD5 /* Info.plist */,
			);
			path = "Pocket KitchenUITests";
			sourceTree = "<group>";
		};
		EDFF2282269CDA3300862BD5 /* View Controllers */ = {
			isa = PBXGroup;
			children = (
				ED81F81B26A221CE00F9E2CF /* ShoppingViewController.h */,
				ED81F81C26A221CE00F9E2CF /* ShoppingViewController.m */,
				ED81F803269F87F700F9E2CF /* DetailsViewController.h */,
				ED81F804269F87F700F9E2CF /* DetailsViewController.m */,
				EDFF228C269CF88100862BD5 /* AddItemViewController.h */,
				EDFF228D269CF88100862BD5 /* AddItemViewController.m */,
				EDFF2286269CE3AB00862BD5 /* InventoryViewController.h */,
				EDFF2287269CE3AB00862BD5 /* InventoryViewController.m */,
				EDFF2283269CDD2200862BD5 /* ProfileViewController.h */,
				EDFF2284269CDD2200862BD5 /* ProfileViewController.m */,
				EDFF2280269CDA2E00862BD5 /* LogInViewController.m */,
				EDFF227F269CDA2E00862BD5 /* LogInViewController.h */,
			);
			path = "View Controllers";
			sourceTree = "<group>";
		};
/* End PBXGroup section */

/* Begin PBXNativeTarget section */
		EDFF2246269CD86800862BD5 /* Pocket Kitchen */ = {
			isa = PBXNativeTarget;
			buildConfigurationList = EDFF2276269CD86900862BD5 /* Build configuration list for PBXNativeTarget "Pocket Kitchen" */;
			buildPhases = (
				F699E13C216A7A6A50C4E0B3 /* [CP] Check Pods Manifest.lock */,
				EDFF2243269CD86800862BD5 /* Sources */,
				EDFF2244269CD86800862BD5 /* Frameworks */,
				EDFF2245269CD86800862BD5 /* Resources */,
				AE849CC8F98832D9965C24F3 /* [CP] Embed Pods Frameworks */,
			);
			buildRules = (
			);
			dependencies = (
			);
			name = "Pocket Kitchen";
			productName = "pocket kitchen";
			productReference = EDFF2247269CD86800862BD5 /* Pocket Kitchen.app */;
			productType = "com.apple.product-type.application";
		};
		EDFF2261269CD86900862BD5 /* Pocket KitchenTests */ = {
			isa = PBXNativeTarget;
			buildConfigurationList = EDFF2279269CD86900862BD5 /* Build configuration list for PBXNativeTarget "Pocket KitchenTests" */;
			buildPhases = (
				091B7B4BC98757A35F97587D /* [CP] Check Pods Manifest.lock */,
				EDFF225E269CD86900862BD5 /* Sources */,
				EDFF225F269CD86900862BD5 /* Frameworks */,
				EDFF2260269CD86900862BD5 /* Resources */,
			);
			buildRules = (
			);
			dependencies = (
				EDFF2264269CD86900862BD5 /* PBXTargetDependency */,
			);
			name = "Pocket KitchenTests";
			productName = "pocket kitchenTests";
			productReference = EDFF2262269CD86900862BD5 /* Pocket KitchenTests.xctest */;
			productType = "com.apple.product-type.bundle.unit-test";
		};
		EDFF226C269CD86900862BD5 /* Pocket KitchenUITests */ = {
			isa = PBXNativeTarget;
			buildConfigurationList = EDFF227C269CD86900862BD5 /* Build configuration list for PBXNativeTarget "Pocket KitchenUITests" */;
			buildPhases = (
				BFF094DE275E0ED1DABBC53A /* [CP] Check Pods Manifest.lock */,
				EDFF2269269CD86900862BD5 /* Sources */,
				EDFF226A269CD86900862BD5 /* Frameworks */,
				EDFF226B269CD86900862BD5 /* Resources */,
				8B1C2EF46305E39BA7A09C31 /* [CP] Embed Pods Frameworks */,
			);
			buildRules = (
			);
			dependencies = (
				EDFF226F269CD86900862BD5 /* PBXTargetDependency */,
			);
			name = "Pocket KitchenUITests";
			productName = "pocket kitchenUITests";
			productReference = EDFF226D269CD86900862BD5 /* Pocket KitchenUITests.xctest */;
			productType = "com.apple.product-type.bundle.ui-testing";
		};
/* End PBXNativeTarget section */

/* Begin PBXProject section */
		EDFF223F269CD86800862BD5 /* Project object */ = {
			isa = PBXProject;
			attributes = {
				LastUpgradeCheck = 1250;
				TargetAttributes = {
					EDFF2246269CD86800862BD5 = {
						CreatedOnToolsVersion = 12.5.1;
					};
					EDFF2261269CD86900862BD5 = {
						CreatedOnToolsVersion = 12.5.1;
						TestTargetID = EDFF2246269CD86800862BD5;
					};
					EDFF226C269CD86900862BD5 = {
						CreatedOnToolsVersion = 12.5.1;
						TestTargetID = EDFF2246269CD86800862BD5;
					};
				};
			};
			buildConfigurationList = EDFF2242269CD86800862BD5 /* Build configuration list for PBXProject "Pocket Kitchen" */;
			compatibilityVersion = "Xcode 9.3";
			developmentRegion = en;
			hasScannedForEncodings = 0;
			knownRegions = (
				en,
				Base,
			);
			mainGroup = EDFF223E269CD86800862BD5;
			productRefGroup = EDFF2248269CD86800862BD5 /* Products */;
			projectDirPath = "";
			projectRoot = "";
			targets = (
				EDFF2246269CD86800862BD5 /* Pocket Kitchen */,
				EDFF2261269CD86900862BD5 /* Pocket KitchenTests */,
				EDFF226C269CD86900862BD5 /* Pocket KitchenUITests */,
			);
		};
/* End PBXProject section */

/* Begin PBXResourcesBuildPhase section */
		EDFF2245269CD86800862BD5 /* Resources */ = {
			isa = PBXResourcesBuildPhase;
			buildActionMask = 2147483647;
			files = (
				EDFF225A269CD86900862BD5 /* LaunchScreen.storyboard in Resources */,
				EDFF2257269CD86900862BD5 /* Assets.xcassets in Resources */,
				EDFF2255269CD86800862BD5 /* Main.storyboard in Resources */,
				ED81F81726A109E100F9E2CF /* Category.xib in Resources */,
			);
			runOnlyForDeploymentPostprocessing = 0;
		};
		EDFF2260269CD86900862BD5 /* Resources */ = {
			isa = PBXResourcesBuildPhase;
			buildActionMask = 2147483647;
			files = (
			);
			runOnlyForDeploymentPostprocessing = 0;
		};
		EDFF226B269CD86900862BD5 /* Resources */ = {
			isa = PBXResourcesBuildPhase;
			buildActionMask = 2147483647;
			files = (
			);
			runOnlyForDeploymentPostprocessing = 0;
		};
/* End PBXResourcesBuildPhase section */

/* Begin PBXShellScriptBuildPhase section */
		091B7B4BC98757A35F97587D /* [CP] Check Pods Manifest.lock */ = {
			isa = PBXShellScriptBuildPhase;
			buildActionMask = 2147483647;
			files = (
			);
			inputFileListPaths = (
			);
			inputPaths = (
				"${PODS_PODFILE_DIR_PATH}/Podfile.lock",
				"${PODS_ROOT}/Manifest.lock",
			);
			name = "[CP] Check Pods Manifest.lock";
			outputFileListPaths = (
			);
			outputPaths = (
				"$(DERIVED_FILE_DIR)/Pods-Pocket KitchenTests-checkManifestLockResult.txt",
			);
			runOnlyForDeploymentPostprocessing = 0;
			shellPath = /bin/sh;
			shellScript = "diff \"${PODS_PODFILE_DIR_PATH}/Podfile.lock\" \"${PODS_ROOT}/Manifest.lock\" > /dev/null\nif [ $? != 0 ] ; then\n    # print error to STDERR\n    echo \"error: The sandbox is not in sync with the Podfile.lock. Run 'pod install' or update your CocoaPods installation.\" >&2\n    exit 1\nfi\n# This output is used by Xcode 'outputs' to avoid re-running this script phase.\necho \"SUCCESS\" > \"${SCRIPT_OUTPUT_FILE_0}\"\n";
			showEnvVarsInLog = 0;
		};
		8B1C2EF46305E39BA7A09C31 /* [CP] Embed Pods Frameworks */ = {
			isa = PBXShellScriptBuildPhase;
			buildActionMask = 2147483647;
			files = (
			);
			inputFileListPaths = (
				"${PODS_ROOT}/Target Support Files/Pods-Pocket Kitchen-Pocket KitchenUITests/Pods-Pocket Kitchen-Pocket KitchenUITests-frameworks-${CONFIGURATION}-input-files.xcfilelist",
			);
			name = "[CP] Embed Pods Frameworks";
			outputFileListPaths = (
				"${PODS_ROOT}/Target Support Files/Pods-Pocket Kitchen-Pocket KitchenUITests/Pods-Pocket Kitchen-Pocket KitchenUITests-frameworks-${CONFIGURATION}-output-files.xcfilelist",
			);
			runOnlyForDeploymentPostprocessing = 0;
			shellPath = /bin/sh;
			shellScript = "\"${PODS_ROOT}/Target Support Files/Pods-Pocket Kitchen-Pocket KitchenUITests/Pods-Pocket Kitchen-Pocket KitchenUITests-frameworks.sh\"\n";
			showEnvVarsInLog = 0;
		};
		AE849CC8F98832D9965C24F3 /* [CP] Embed Pods Frameworks */ = {
			isa = PBXShellScriptBuildPhase;
			buildActionMask = 2147483647;
			files = (
			);
			inputFileListPaths = (
				"${PODS_ROOT}/Target Support Files/Pods-Pocket Kitchen/Pods-Pocket Kitchen-frameworks-${CONFIGURATION}-input-files.xcfilelist",
			);
			name = "[CP] Embed Pods Frameworks";
			outputFileListPaths = (
				"${PODS_ROOT}/Target Support Files/Pods-Pocket Kitchen/Pods-Pocket Kitchen-frameworks-${CONFIGURATION}-output-files.xcfilelist",
			);
			runOnlyForDeploymentPostprocessing = 0;
			shellPath = /bin/sh;
			shellScript = "\"${PODS_ROOT}/Target Support Files/Pods-Pocket Kitchen/Pods-Pocket Kitchen-frameworks.sh\"\n";
			showEnvVarsInLog = 0;
		};
		BFF094DE275E0ED1DABBC53A /* [CP] Check Pods Manifest.lock */ = {
			isa = PBXShellScriptBuildPhase;
			buildActionMask = 2147483647;
			files = (
			);
			inputFileListPaths = (
			);
			inputPaths = (
				"${PODS_PODFILE_DIR_PATH}/Podfile.lock",
				"${PODS_ROOT}/Manifest.lock",
			);
			name = "[CP] Check Pods Manifest.lock";
			outputFileListPaths = (
			);
			outputPaths = (
				"$(DERIVED_FILE_DIR)/Pods-Pocket Kitchen-Pocket KitchenUITests-checkManifestLockResult.txt",
			);
			runOnlyForDeploymentPostprocessing = 0;
			shellPath = /bin/sh;
			shellScript = "diff \"${PODS_PODFILE_DIR_PATH}/Podfile.lock\" \"${PODS_ROOT}/Manifest.lock\" > /dev/null\nif [ $? != 0 ] ; then\n    # print error to STDERR\n    echo \"error: The sandbox is not in sync with the Podfile.lock. Run 'pod install' or update your CocoaPods installation.\" >&2\n    exit 1\nfi\n# This output is used by Xcode 'outputs' to avoid re-running this script phase.\necho \"SUCCESS\" > \"${SCRIPT_OUTPUT_FILE_0}\"\n";
			showEnvVarsInLog = 0;
		};
		F699E13C216A7A6A50C4E0B3 /* [CP] Check Pods Manifest.lock */ = {
			isa = PBXShellScriptBuildPhase;
			buildActionMask = 2147483647;
			files = (
			);
			inputFileListPaths = (
			);
			inputPaths = (
				"${PODS_PODFILE_DIR_PATH}/Podfile.lock",
				"${PODS_ROOT}/Manifest.lock",
			);
			name = "[CP] Check Pods Manifest.lock";
			outputFileListPaths = (
			);
			outputPaths = (
				"$(DERIVED_FILE_DIR)/Pods-Pocket Kitchen-checkManifestLockResult.txt",
			);
			runOnlyForDeploymentPostprocessing = 0;
			shellPath = /bin/sh;
			shellScript = "diff \"${PODS_PODFILE_DIR_PATH}/Podfile.lock\" \"${PODS_ROOT}/Manifest.lock\" > /dev/null\nif [ $? != 0 ] ; then\n    # print error to STDERR\n    echo \"error: The sandbox is not in sync with the Podfile.lock. Run 'pod install' or update your CocoaPods installation.\" >&2\n    exit 1\nfi\n# This output is used by Xcode 'outputs' to avoid re-running this script phase.\necho \"SUCCESS\" > \"${SCRIPT_OUTPUT_FILE_0}\"\n";
			showEnvVarsInLog = 0;
		};
/* End PBXShellScriptBuildPhase section */

/* Begin PBXSourcesBuildPhase section */
		EDFF2243269CD86800862BD5 /* Sources */ = {
			isa = PBXSourcesBuildPhase;
			buildActionMask = 2147483647;
			files = (
				EDFF228B269CE54E00862BD5 /* FoodItemCell.m in Sources */,
				EDFF224C269CD86800862BD5 /* AppDelegate.m in Sources */,
				ED81F805269F87F700F9E2CF /* DetailsViewController.m in Sources */,
				EDFF2281269CDA2E00862BD5 /* LogInViewController.m in Sources */,
				ED81F82426A2248200F9E2CF /* ShoppingItem.m in Sources */,
				EDFF228E269CF88100862BD5 /* AddItemViewController.m in Sources */,
				ED81F81D26A221CE00F9E2CF /* ShoppingViewController.m in Sources */,
				EDFF225D269CD86900862BD5 /* main.m in Sources */,
				EDFF2285269CDD2200862BD5 /* ProfileViewController.m in Sources */,
				ED81F82026A2225A00F9E2CF /* ShoppingItemCell.m in Sources */,
				EDFF2288269CE3AB00862BD5 /* InventoryViewController.m in Sources */,
				ED81F802269E3BDA00F9E2CF /* NutrientApiManager.m in Sources */,
				EDFF224F269CD86800862BD5 /* SceneDelegate.m in Sources */,
				ED81F81A26A109F200F9E2CF /* CategoryView.m in Sources */,
				EDFF2291269DF77500862BD5 /* FoodItem.m in Sources */,
			);
			runOnlyForDeploymentPostprocessing = 0;
		};
		EDFF225E269CD86900862BD5 /* Sources */ = {
			isa = PBXSourcesBuildPhase;
			buildActionMask = 2147483647;
			files = (
				EDFF2267269CD86900862BD5 /* Pocket_KitchenTests.m in Sources */,
			);
			runOnlyForDeploymentPostprocessing = 0;
		};
		EDFF2269269CD86900862BD5 /* Sources */ = {
			isa = PBXSourcesBuildPhase;
			buildActionMask = 2147483647;
			files = (
				EDFF2272269CD86900862BD5 /* Pocket_KitchenUITests.m in Sources */,
			);
			runOnlyForDeploymentPostprocessing = 0;
		};
/* End PBXSourcesBuildPhase section */

/* Begin PBXTargetDependency section */
		EDFF2264269CD86900862BD5 /* PBXTargetDependency */ = {
			isa = PBXTargetDependency;
			target = EDFF2246269CD86800862BD5 /* Pocket Kitchen */;
			targetProxy = EDFF2263269CD86900862BD5 /* PBXContainerItemProxy */;
		};
		EDFF226F269CD86900862BD5 /* PBXTargetDependency */ = {
			isa = PBXTargetDependency;
			target = EDFF2246269CD86800862BD5 /* Pocket Kitchen */;
			targetProxy = EDFF226E269CD86900862BD5 /* PBXContainerItemProxy */;
		};
/* End PBXTargetDependency section */

/* Begin PBXVariantGroup section */
		EDFF2253269CD86800862BD5 /* Main.storyboard */ = {
			isa = PBXVariantGroup;
			children = (
				EDFF2254269CD86800862BD5 /* Base */,
			);
			name = Main.storyboard;
			sourceTree = "<group>";
		};
		EDFF2258269CD86900862BD5 /* LaunchScreen.storyboard */ = {
			isa = PBXVariantGroup;
			children = (
				EDFF2259269CD86900862BD5 /* Base */,
			);
			name = LaunchScreen.storyboard;
			sourceTree = "<group>";
		};
/* End PBXVariantGroup section */

/* Begin XCBuildConfiguration section */
		EDFF2274269CD86900862BD5 /* Debug */ = {
			isa = XCBuildConfiguration;
			buildSettings = {
				ALWAYS_SEARCH_USER_PATHS = NO;
				CLANG_ANALYZER_NONNULL = YES;
				CLANG_ANALYZER_NUMBER_OBJECT_CONVERSION = YES_AGGRESSIVE;
				CLANG_CXX_LANGUAGE_STANDARD = "gnu++14";
				CLANG_CXX_LIBRARY = "libc++";
				CLANG_ENABLE_MODULES = YES;
				CLANG_ENABLE_OBJC_ARC = YES;
				CLANG_ENABLE_OBJC_WEAK = YES;
				CLANG_WARN_BLOCK_CAPTURE_AUTORELEASING = YES;
				CLANG_WARN_BOOL_CONVERSION = YES;
				CLANG_WARN_COMMA = YES;
				CLANG_WARN_CONSTANT_CONVERSION = YES;
				CLANG_WARN_DEPRECATED_OBJC_IMPLEMENTATIONS = YES;
				CLANG_WARN_DIRECT_OBJC_ISA_USAGE = YES_ERROR;
				CLANG_WARN_DOCUMENTATION_COMMENTS = YES;
				CLANG_WARN_EMPTY_BODY = YES;
				CLANG_WARN_ENUM_CONVERSION = YES;
				CLANG_WARN_INFINITE_RECURSION = YES;
				CLANG_WARN_INT_CONVERSION = YES;
				CLANG_WARN_NON_LITERAL_NULL_CONVERSION = YES;
				CLANG_WARN_OBJC_IMPLICIT_RETAIN_SELF = YES;
				CLANG_WARN_OBJC_LITERAL_CONVERSION = YES;
				CLANG_WARN_OBJC_ROOT_CLASS = YES_ERROR;
				CLANG_WARN_QUOTED_INCLUDE_IN_FRAMEWORK_HEADER = YES;
				CLANG_WARN_RANGE_LOOP_ANALYSIS = YES;
				CLANG_WARN_STRICT_PROTOTYPES = YES;
				CLANG_WARN_SUSPICIOUS_MOVE = YES;
				CLANG_WARN_UNGUARDED_AVAILABILITY = YES_AGGRESSIVE;
				CLANG_WARN_UNREACHABLE_CODE = YES;
				CLANG_WARN__DUPLICATE_METHOD_MATCH = YES;
				COPY_PHASE_STRIP = NO;
				DEBUG_INFORMATION_FORMAT = dwarf;
				ENABLE_STRICT_OBJC_MSGSEND = YES;
				ENABLE_TESTABILITY = YES;
				GCC_C_LANGUAGE_STANDARD = gnu11;
				GCC_DYNAMIC_NO_PIC = NO;
				GCC_NO_COMMON_BLOCKS = YES;
				GCC_OPTIMIZATION_LEVEL = 0;
				GCC_PREPROCESSOR_DEFINITIONS = (
					"DEBUG=1",
					"$(inherited)",
				);
				GCC_WARN_64_TO_32_BIT_CONVERSION = YES;
				GCC_WARN_ABOUT_RETURN_TYPE = YES_ERROR;
				GCC_WARN_UNDECLARED_SELECTOR = YES;
				GCC_WARN_UNINITIALIZED_AUTOS = YES_AGGRESSIVE;
				GCC_WARN_UNUSED_FUNCTION = YES;
				GCC_WARN_UNUSED_VARIABLE = YES;
				IPHONEOS_DEPLOYMENT_TARGET = 14.5;
				MTL_ENABLE_DEBUG_INFO = INCLUDE_SOURCE;
				MTL_FAST_MATH = YES;
				ONLY_ACTIVE_ARCH = YES;
				SDKROOT = iphoneos;
			};
			name = Debug;
		};
		EDFF2275269CD86900862BD5 /* Release */ = {
			isa = XCBuildConfiguration;
			buildSettings = {
				ALWAYS_SEARCH_USER_PATHS = NO;
				CLANG_ANALYZER_NONNULL = YES;
				CLANG_ANALYZER_NUMBER_OBJECT_CONVERSION = YES_AGGRESSIVE;
				CLANG_CXX_LANGUAGE_STANDARD = "gnu++14";
				CLANG_CXX_LIBRARY = "libc++";
				CLANG_ENABLE_MODULES = YES;
				CLANG_ENABLE_OBJC_ARC = YES;
				CLANG_ENABLE_OBJC_WEAK = YES;
				CLANG_WARN_BLOCK_CAPTURE_AUTORELEASING = YES;
				CLANG_WARN_BOOL_CONVERSION = YES;
				CLANG_WARN_COMMA = YES;
				CLANG_WARN_CONSTANT_CONVERSION = YES;
				CLANG_WARN_DEPRECATED_OBJC_IMPLEMENTATIONS = YES;
				CLANG_WARN_DIRECT_OBJC_ISA_USAGE = YES_ERROR;
				CLANG_WARN_DOCUMENTATION_COMMENTS = YES;
				CLANG_WARN_EMPTY_BODY = YES;
				CLANG_WARN_ENUM_CONVERSION = YES;
				CLANG_WARN_INFINITE_RECURSION = YES;
				CLANG_WARN_INT_CONVERSION = YES;
				CLANG_WARN_NON_LITERAL_NULL_CONVERSION = YES;
				CLANG_WARN_OBJC_IMPLICIT_RETAIN_SELF = YES;
				CLANG_WARN_OBJC_LITERAL_CONVERSION = YES;
				CLANG_WARN_OBJC_ROOT_CLASS = YES_ERROR;
				CLANG_WARN_QUOTED_INCLUDE_IN_FRAMEWORK_HEADER = YES;
				CLANG_WARN_RANGE_LOOP_ANALYSIS = YES;
				CLANG_WARN_STRICT_PROTOTYPES = YES;
				CLANG_WARN_SUSPICIOUS_MOVE = YES;
				CLANG_WARN_UNGUARDED_AVAILABILITY = YES_AGGRESSIVE;
				CLANG_WARN_UNREACHABLE_CODE = YES;
				CLANG_WARN__DUPLICATE_METHOD_MATCH = YES;
				COPY_PHASE_STRIP = NO;
				DEBUG_INFORMATION_FORMAT = "dwarf-with-dsym";
				ENABLE_NS_ASSERTIONS = NO;
				ENABLE_STRICT_OBJC_MSGSEND = YES;
				GCC_C_LANGUAGE_STANDARD = gnu11;
				GCC_NO_COMMON_BLOCKS = YES;
				GCC_WARN_64_TO_32_BIT_CONVERSION = YES;
				GCC_WARN_ABOUT_RETURN_TYPE = YES_ERROR;
				GCC_WARN_UNDECLARED_SELECTOR = YES;
				GCC_WARN_UNINITIALIZED_AUTOS = YES_AGGRESSIVE;
				GCC_WARN_UNUSED_FUNCTION = YES;
				GCC_WARN_UNUSED_VARIABLE = YES;
				IPHONEOS_DEPLOYMENT_TARGET = 14.5;
				MTL_ENABLE_DEBUG_INFO = NO;
				MTL_FAST_MATH = YES;
				SDKROOT = iphoneos;
				VALIDATE_PRODUCT = YES;
			};
			name = Release;
		};
		EDFF2277269CD86900862BD5 /* Debug */ = {
			isa = XCBuildConfiguration;
			baseConfigurationReference = E0183D6556C75F6E2ED958FB /* Pods-Pocket Kitchen.debug.xcconfig */;
			buildSettings = {
				ASSETCATALOG_COMPILER_APPICON_NAME = AppIcon;
				ASSETCATALOG_COMPILER_GLOBAL_ACCENT_COLOR_NAME = AccentColor;
				CODE_SIGN_STYLE = Automatic;
				DEVELOPMENT_TEAM = RFMYJSBY95;
				INFOPLIST_FILE = "pocket kitchen/Info.plist";
				LD_RUNPATH_SEARCH_PATHS = (
					"$(inherited)",
					"@executable_path/Frameworks",
				);
				PRODUCT_BUNDLE_IDENTIFIER = "com.jzhang7.pocket-kitchen";
				PRODUCT_NAME = "$(TARGET_NAME)";
				TARGETED_DEVICE_FAMILY = "1,2";
			};
			name = Debug;
		};
		EDFF2278269CD86900862BD5 /* Release */ = {
			isa = XCBuildConfiguration;
			baseConfigurationReference = 758B1DD9CC52C3EBF552E7C9 /* Pods-Pocket Kitchen.release.xcconfig */;
			buildSettings = {
				ASSETCATALOG_COMPILER_APPICON_NAME = AppIcon;
				ASSETCATALOG_COMPILER_GLOBAL_ACCENT_COLOR_NAME = AccentColor;
				CODE_SIGN_STYLE = Automatic;
				DEVELOPMENT_TEAM = RFMYJSBY95;
				INFOPLIST_FILE = "pocket kitchen/Info.plist";
				LD_RUNPATH_SEARCH_PATHS = (
					"$(inherited)",
					"@executable_path/Frameworks",
				);
				PRODUCT_BUNDLE_IDENTIFIER = "com.jzhang7.pocket-kitchen";
				PRODUCT_NAME = "$(TARGET_NAME)";
				TARGETED_DEVICE_FAMILY = "1,2";
			};
			name = Release;
		};
		EDFF227A269CD86900862BD5 /* Debug */ = {
			isa = XCBuildConfiguration;
			baseConfigurationReference = 7BDF5A2E8BC38806DC30FB96 /* Pods-Pocket KitchenTests.debug.xcconfig */;
			buildSettings = {
				BUNDLE_LOADER = "$(TEST_HOST)";
				CODE_SIGN_STYLE = Automatic;
				DEVELOPMENT_TEAM = RFMYJSBY95;
				INFOPLIST_FILE = "pocket kitchenTests/Info.plist";
				IPHONEOS_DEPLOYMENT_TARGET = 14.5;
				LD_RUNPATH_SEARCH_PATHS = (
					"$(inherited)",
					"@executable_path/Frameworks",
					"@loader_path/Frameworks",
				);
				PRODUCT_BUNDLE_IDENTIFIER = "com.jzhang7.pocket-kitchenTests";
				PRODUCT_NAME = "$(TARGET_NAME)";
				TARGETED_DEVICE_FAMILY = "1,2";
				TEST_HOST = "$(BUILT_PRODUCTS_DIR)/Pocket Kitchen.app/Pocket Kitchen";
			};
			name = Debug;
		};
		EDFF227B269CD86900862BD5 /* Release */ = {
			isa = XCBuildConfiguration;
			baseConfigurationReference = 48936EE100BF10EABBB476EE /* Pods-Pocket KitchenTests.release.xcconfig */;
			buildSettings = {
				BUNDLE_LOADER = "$(TEST_HOST)";
				CODE_SIGN_STYLE = Automatic;
				DEVELOPMENT_TEAM = RFMYJSBY95;
				INFOPLIST_FILE = "pocket kitchenTests/Info.plist";
				IPHONEOS_DEPLOYMENT_TARGET = 14.5;
				LD_RUNPATH_SEARCH_PATHS = (
					"$(inherited)",
					"@executable_path/Frameworks",
					"@loader_path/Frameworks",
				);
				PRODUCT_BUNDLE_IDENTIFIER = "com.jzhang7.pocket-kitchenTests";
				PRODUCT_NAME = "$(TARGET_NAME)";
				TARGETED_DEVICE_FAMILY = "1,2";
				TEST_HOST = "$(BUILT_PRODUCTS_DIR)/Pocket Kitchen.app/Pocket Kitchen";
			};
			name = Release;
		};
		EDFF227D269CD86900862BD5 /* Debug */ = {
			isa = XCBuildConfiguration;
			baseConfigurationReference = A0D28353843A5C98482CA001 /* Pods-Pocket Kitchen-Pocket KitchenUITests.debug.xcconfig */;
			buildSettings = {
				CODE_SIGN_STYLE = Automatic;
				DEVELOPMENT_TEAM = RFMYJSBY95;
				INFOPLIST_FILE = "pocket kitchenUITests/Info.plist";
				LD_RUNPATH_SEARCH_PATHS = (
					"$(inherited)",
					"@executable_path/Frameworks",
					"@loader_path/Frameworks",
				);
				PRODUCT_BUNDLE_IDENTIFIER = "com.jzhang7.pocket-kitchenUITests";
				PRODUCT_NAME = "$(TARGET_NAME)";
				TARGETED_DEVICE_FAMILY = "1,2";
				TEST_TARGET_NAME = "pocket kitchen";
			};
			name = Debug;
		};
		EDFF227E269CD86900862BD5 /* Release */ = {
			isa = XCBuildConfiguration;
			baseConfigurationReference = B61D42C159A5C99EA9AE363A /* Pods-Pocket Kitchen-Pocket KitchenUITests.release.xcconfig */;
			buildSettings = {
				CODE_SIGN_STYLE = Automatic;
				DEVELOPMENT_TEAM = RFMYJSBY95;
				INFOPLIST_FILE = "pocket kitchenUITests/Info.plist";
				LD_RUNPATH_SEARCH_PATHS = (
					"$(inherited)",
					"@executable_path/Frameworks",
					"@loader_path/Frameworks",
				);
				PRODUCT_BUNDLE_IDENTIFIER = "com.jzhang7.pocket-kitchenUITests";
				PRODUCT_NAME = "$(TARGET_NAME)";
				TARGETED_DEVICE_FAMILY = "1,2";
				TEST_TARGET_NAME = "pocket kitchen";
			};
			name = Release;
		};
/* End XCBuildConfiguration section */

/* Begin XCConfigurationList section */
		EDFF2242269CD86800862BD5 /* Build configuration list for PBXProject "Pocket Kitchen" */ = {
			isa = XCConfigurationList;
			buildConfigurations = (
				EDFF2274269CD86900862BD5 /* Debug */,
				EDFF2275269CD86900862BD5 /* Release */,
			);
			defaultConfigurationIsVisible = 0;
			defaultConfigurationName = Release;
		};
		EDFF2276269CD86900862BD5 /* Build configuration list for PBXNativeTarget "Pocket Kitchen" */ = {
			isa = XCConfigurationList;
			buildConfigurations = (
				EDFF2277269CD86900862BD5 /* Debug */,
				EDFF2278269CD86900862BD5 /* Release */,
			);
			defaultConfigurationIsVisible = 0;
			defaultConfigurationName = Release;
		};
		EDFF2279269CD86900862BD5 /* Build configuration list for PBXNativeTarget "Pocket KitchenTests" */ = {
			isa = XCConfigurationList;
			buildConfigurations = (
				EDFF227A269CD86900862BD5 /* Debug */,
				EDFF227B269CD86900862BD5 /* Release */,
			);
			defaultConfigurationIsVisible = 0;
			defaultConfigurationName = Release;
		};
		EDFF227C269CD86900862BD5 /* Build configuration list for PBXNativeTarget "Pocket KitchenUITests" */ = {
			isa = XCConfigurationList;
			buildConfigurations = (
				EDFF227D269CD86900862BD5 /* Debug */,
				EDFF227E269CD86900862BD5 /* Release */,
			);
			defaultConfigurationIsVisible = 0;
			defaultConfigurationName = Release;
		};
/* End XCConfigurationList section */
	};
	rootObject = EDFF223F269CD86800862BD5 /* Project object */;
}
